// !$*UTF8*$!
{
	archiveVersion = 1;
	classes = {
	};
	objectVersion = 46;
	objects = {

/* Begin PBXBuildFile section */
		681D54B31A79A13B0037EB93 /* main.m in Sources */ = {isa = PBXBuildFile; fileRef = 681D54B21A79A13B0037EB93 /* main.m */; };
		681D54B61A79A13B0037EB93 /* AppDelegate.m in Sources */ = {isa = PBXBuildFile; fileRef = 681D54B51A79A13B0037EB93 /* AppDelegate.m */; };
		681D54B91A79A13B0037EB93 /* MINTimelineViewController.m in Sources */ = {isa = PBXBuildFile; fileRef = 681D54B81A79A13B0037EB93 /* MINTimelineViewController.m */; };
		681D54BE1A79A13B0037EB93 /* Images.xcassets in Resources */ = {isa = PBXBuildFile; fileRef = 681D54BD1A79A13B0037EB93 /* Images.xcassets */; };
		681D54C11A79A13B0037EB93 /* LaunchScreen.xib in Resources */ = {isa = PBXBuildFile; fileRef = 681D54BF1A79A13B0037EB93 /* LaunchScreen.xib */; };
/* End PBXBuildFile section */

/* Begin PBXFileReference section */
		681D54AD1A79A13B0037EB93 /* minimagram.app */ = {isa = PBXFileReference; explicitFileType = wrapper.application; includeInIndex = 0; path = minimagram.app; sourceTree = BUILT_PRODUCTS_DIR; };
		681D54B11A79A13B0037EB93 /* Info.plist */ = {isa = PBXFileReference; lastKnownFileType = text.plist.xml; path = Info.plist; sourceTree = "<group>"; };
		681D54B21A79A13B0037EB93 /* main.m */ = {isa = PBXFileReference; lastKnownFileType = sourcecode.c.objc; path = main.m; sourceTree = "<group>"; };
		681D54B41A79A13B0037EB93 /* AppDelegate.h */ = {isa = PBXFileReference; lastKnownFileType = sourcecode.c.h; path = AppDelegate.h; sourceTree = "<group>"; };
		681D54B51A79A13B0037EB93 /* AppDelegate.m */ = {isa = PBXFileReference; lastKnownFileType = sourcecode.c.objc; path = AppDelegate.m; sourceTree = "<group>"; };
		681D54B71A79A13B0037EB93 /* MINTimelineViewController.h */ = {isa = PBXFileReference; lastKnownFileType = sourcecode.c.h; path = MINTimelineViewController.h; sourceTree = "<group>"; };
		681D54B81A79A13B0037EB93 /* MINTimelineViewController.m */ = {isa = PBXFileReference; lastKnownFileType = sourcecode.c.objc; path = MINTimelineViewController.m; sourceTree = "<group>"; };
		681D54BD1A79A13B0037EB93 /* Images.xcassets */ = {isa = PBXFileReference; lastKnownFileType = folder.assetcatalog; path = Images.xcassets; sourceTree = "<group>"; };
		681D54C01A79A13B0037EB93 /* Base */ = {isa = PBXFileReference; lastKnownFileType = file.xib; name = Base; path = Base.lproj/LaunchScreen.xib; sourceTree = "<group>"; };
/* End PBXFileReference section */

/* Begin PBXFrameworksBuildPhase section */
		681D54AA1A79A13B0037EB93 /* Frameworks */ = {
			isa = PBXFrameworksBuildPhase;
			buildActionMask = 2147483647;
			files = (
			);
			runOnlyForDeploymentPostprocessing = 0;
		};
/* End PBXFrameworksBuildPhase section */

/* Begin PBXGroup section */
		681D54A41A79A13B0037EB93 = {
			isa = PBXGroup;
			children = (
				681D54AF1A79A13B0037EB93 /* minimagram */,
				681D54AE1A79A13B0037EB93 /* Products */,
			);
			sourceTree = "<group>";
		};
		681D54AE1A79A13B0037EB93 /* Products */ = {
			isa = PBXGroup;
			children = (
				681D54AD1A79A13B0037EB93 /* minimagram.app */,
			);
			name = Products;
			sourceTree = "<group>";
		};
		681D54AF1A79A13B0037EB93 /* minimagram */ = {
			isa = PBXGroup;
			children = (
				681D54B41A79A13B0037EB93 /* AppDelegate.h */,
				681D54B51A79A13B0037EB93 /* AppDelegate.m */,
				681D54B71A79A13B0037EB93 /* MINTimelineViewController.h */,
				681D54B81A79A13B0037EB93 /* MINTimelineViewController.m */,
				681D54BD1A79A13B0037EB93 /* Images.xcassets */,
				681D54BF1A79A13B0037EB93 /* LaunchScreen.xib */,
				681D54B01A79A13B0037EB93 /* Supporting Files */,
			);
			path = minimagram;
			sourceTree = "<group>";
		};
		681D54B01A79A13B0037EB93 /* Supporting Files */ = {
			isa = PBXGroup;
			children = (
				681D54B11A79A13B0037EB93 /* Info.plist */,
				681D54B21A79A13B0037EB93 /* main.m */,
			);
			name = "Supporting Files";
			sourceTree = "<group>";
		};
/* End PBXGroup section */

/* Begin PBXNativeTarget section */
		681D54AC1A79A13B0037EB93 /* minimagram */ = {
			isa = PBXNativeTarget;
			buildConfigurationList = 681D54D01A79A13B0037EB93 /* Build configuration list for PBXNativeTarget "minimagram" */;
			buildPhases = (
				681D54A91A79A13B0037EB93 /* Sources */,
				681D54AA1A79A13B0037EB93 /* Frameworks */,
				681D54AB1A79A13B0037EB93 /* Resources */,
			);
			buildRules = (
			);
			dependencies = (
			);
			name = minimagram;
			productName = minimagram;
			productReference = 681D54AD1A79A13B0037EB93 /* minimagram.app */;
			productType = "com.apple.product-type.application";
		};
/* End PBXNativeTarget section */

/* Begin PBXProject section */
		681D54A51A79A13B0037EB93 /* Project object */ = {
			isa = PBXProject;
			attributes = {
				LastUpgradeCheck = 0610;
				ORGANIZATIONNAME = "Milton and Parc";
				TargetAttributes = {
					681D54AC1A79A13B0037EB93 = {
						CreatedOnToolsVersion = 6.1.1;
					};
				};
			};
			buildConfigurationList = 681D54A81A79A13B0037EB93 /* Build configuration list for PBXProject "minimagram" */;
			compatibilityVersion = "Xcode 3.2";
			developmentRegion = English;
			hasScannedForEncodings = 0;
			knownRegions = (
				en,
				Base,
			);
			mainGroup = 681D54A41A79A13B0037EB93;
			productRefGroup = 681D54AE1A79A13B0037EB93 /* Products */;
			projectDirPath = "";
			projectRoot = "";
			targets = (
				681D54AC1A79A13B0037EB93 /* minimagram */,
			);
		};
/* End PBXProject section */

/* Begin PBXResourcesBuildPhase section */
		681D54AB1A79A13B0037EB93 /* Resources */ = {
			isa = PBXResourcesBuildPhase;
			buildActionMask = 2147483647;
			files = (
				681D54C11A79A13B0037EB93 /* LaunchScreen.xib in Resources */,
				681D54BE1A79A13B0037EB93 /* Images.xcassets in Resources */,
			);
			runOnlyForDeploymentPostprocessing = 0;
		};
/* End PBXResourcesBuildPhase section */

/* Begin PBXSourcesBuildPhase section */
		681D54A91A79A13B0037EB93 /* Sources */ = {
			isa = PBXSourcesBuildPhase;
			buildActionMask = 2147483647;
			files = (
				681D54B91A79A13B0037EB93 /* MINTimelineViewController.m in Sources */,
				681D54B61A79A13B0037EB93 /* AppDelegate.m in Sources */,
				681D54B31A79A13B0037EB93 /* main.m in Sources */,
			);
			runOnlyForDeploymentPostprocessing = 0;
		};
/* End PBXSourcesBuildPhase section */

/* Begin PBXVariantGroup section */
		681D54BF1A79A13B0037EB93 /* LaunchScreen.xib */ = {
			isa = PBXVariantGroup;
			children = (
				681D54C01A79A13B0037EB93 /* Base */,
			);
			name = LaunchScreen.xib;
			sourceTree = "<group>";
		};
/* End PBXVariantGroup section */

/* Begin XCBuildConfiguration section */
		681D54CE1A79A13B0037EB93 /* Debug */ = {
			isa = XCBuildConfiguration;
			buildSettings = {
				ALWAYS_SEARCH_USER_PATHS = NO;
				CLANG_CXX_LANGUAGE_STANDARD = "gnu++0x";
				CLANG_CXX_LIBRARY = "libc++";
				CLANG_ENABLE_MODULES = YES;
				CLANG_ENABLE_OBJC_ARC = YES;
				CLANG_WARN_BOOL_CONVERSION = YES;
				CLANG_WARN_CONSTANT_CONVERSION = YES;
				CLANG_WARN_DIRECT_OBJC_ISA_USAGE = YES_ERROR;
				CLANG_WARN_EMPTY_BODY = YES;
				CLANG_WARN_ENUM_CONVERSION = YES;
				CLANG_WARN_INT_CONVERSION = YES;
				CLANG_WARN_OBJC_ROOT_CLASS = YES_ERROR;
				CLANG_WARN_UNREACHABLE_CODE = YES;
				CLANG_WARN__DUPLICATE_METHOD_MATCH = YES;
				"CODE_SIGN_IDENTITY[sdk=iphoneos*]" = "iPhone Developer";
				COPY_PHASE_STRIP = NO;
				ENABLE_STRICT_OBJC_MSGSEND = YES;
				GCC_C_LANGUAGE_STANDARD = gnu99;
				GCC_DYNAMIC_NO_PIC = NO;
				GCC_OPTIMIZATION_LEVEL = 0;
				GCC_PREPROCESSOR_DEFINITIONS = (
					"DEBUG=1",
					"$(inherited)",
				);
				GCC_SYMBOLS_PRIVATE_EXTERN = NO;
				GCC_WARN_64_TO_32_BIT_CONVERSION = YES;
				GCC_WARN_ABOUT_RETURN_TYPE = YES_ERROR;
				GCC_WARN_UNDECLARED_SELECTOR = YES;
				GCC_WARN_UNINITIALIZED_AUTOS = YES_AGGRESSIVE;
				GCC_WARN_UNUSED_FUNCTION = YES;
				GCC_WARN_UNUSED_VARIABLE = YES;
				IPHONEOS_DEPLOYMENT_TARGET = 8.1;
				MTL_ENABLE_DEBUG_INFO = YES;
				ONLY_ACTIVE_ARCH = YES;
				SDKROOT = iphoneos;
			};
			name = Debug;
		};
		681D54CF1A79A13B0037EB93 /* Release */ = {
			isa = XCBuildConfiguration;
			buildSettings = {
				ALWAYS_SEARCH_USER_PATHS = NO;
				CLANG_CXX_LANGUAGE_STANDARD = "gnu++0x";
				CLANG_CXX_LIBRARY = "libc++";
				CLANG_ENABLE_MODULES = YES;
				CLANG_ENABLE_OBJC_ARC = YES;
				CLANG_WARN_BOOL_CONVERSION = YES;
				CLANG_WARN_CONSTANT_CONVERSION = YES;
				CLANG_WARN_DIRECT_OBJC_ISA_USAGE = YES_ERROR;
				CLANG_WARN_EMPTY_BODY = YES;
				CLANG_WARN_ENUM_CONVERSION = YES;
				CLANG_WARN_INT_CONVERSION = YES;
				CLANG_WARN_OBJC_ROOT_CLASS = YES_ERROR;
				CLANG_WARN_UNREACHABLE_CODE = YES;
				CLANG_WARN__DUPLICATE_METHOD_MATCH = YES;
				"CODE_SIGN_IDENTITY[sdk=iphoneos*]" = "iPhone Developer";
				COPY_PHASE_STRIP = YES;
				ENABLE_NS_ASSERTIONS = NO;
				ENABLE_STRICT_OBJC_MSGSEND = YES;
				GCC_C_LANGUAGE_STANDARD = gnu99;
				GCC_WARN_64_TO_32_BIT_CONVERSION = YES;
				GCC_WARN_ABOUT_RETURN_TYPE = YES_ERROR;
				GCC_WARN_UNDECLARED_SELECTOR = YES;
				GCC_WARN_UNINITIALIZED_AUTOS = YES_AGGRESSIVE;
				GCC_WARN_UNUSED_FUNCTION = YES;
				GCC_WARN_UNUSED_VARIABLE = YES;
				IPHONEOS_DEPLOYMENT_TARGET = 8.1;
				MTL_ENABLE_DEBUG_INFO = NO;
				SDKROOT = iphoneos;
				VALIDATE_PRODUCT = YES;
			};
			name = Release;
		};
		681D54D11A79A13B0037EB93 /* Debug */ = {
			isa = XCBuildConfiguration;
			buildSettings = {
				ASSETCATALOG_COMPILER_APPICON_NAME = AppIcon;
				INFOPLIST_FILE = minimagram/Info.plist;
				LD_RUNPATH_SEARCH_PATHS = "$(inherited) @executable_path/Frameworks";
				PRODUCT_NAME = "$(TARGET_NAME)";
			};
			name = Debug;
		};
		681D54D21A79A13B0037EB93 /* Release */ = {
			isa = XCBuildConfiguration;
			buildSettings = {
				ASSETCATALOG_COMPILER_APPICON_NAME = AppIcon;
				INFOPLIST_FILE = minimagram/Info.plist;
				LD_RUNPATH_SEARCH_PATHS = "$(inherited) @executable_path/Frameworks";
				PRODUCT_NAME = "$(TARGET_NAME)";
			};
			name = Release;
		};
/* End XCBuildConfiguration section */

/* Begin XCConfigurationList section */
		681D54A81A79A13B0037EB93 /* Build configuration list for PBXProject "minimagram" */ = {
			isa = XCConfigurationList;
			buildConfigurations = (
				681D54CE1A79A13B0037EB93 /* Debug */,
				681D54CF1A79A13B0037EB93 /* Release */,
			);
			defaultConfigurationIsVisible = 0;
			defaultConfigurationName = Release;
		};
		681D54D01A79A13B0037EB93 /* Build configuration list for PBXNativeTarget "minimagram" */ = {
			isa = XCConfigurationList;
			buildConfigurations = (
				681D54D11A79A13B0037EB93 /* Debug */,
				681D54D21A79A13B0037EB93 /* Release */,
			);
			defaultConfigurationIsVisible = 0;
		};
/* End XCConfigurationList section */
	};
	rootObject = 681D54A51A79A13B0037EB93 /* Project object */;
}
